
Microsoft Visual Studio Solution File, Format Version 12.00
# Visual Studio 2015
Project("{FAE04EC0-301F-11D3-BF4B-00C04F79EFBC}") = "CaveGame_Hite.CSharp", "CaveGame_Hite.CSharp.csproj", "{63C1EFBE-CEF3-65BA-1F46-8EF45DCB0371}"
EndProject
Global
	GlobalSection(SolutionConfigurationPlatforms) = preSolution
		Debug|Any CPU = Debug|Any CPU
		Release|Any CPU = Release|Any CPU
	EndGlobalSection
	GlobalSection(ProjectConfigurationPlatforms) = postSolution
		{63C1EFBE-CEF3-65BA-1F46-8EF45DCB0371}.Debug|Any CPU.ActiveCfg = Debug|Any CPU
		{63C1EFBE-CEF3-65BA-1F46-8EF45DCB0371}.Debug|Any CPU.Build.0 = Debug|Any CPU
		{63C1EFBE-CEF3-65BA-1F46-8EF45DCB0371}.Release|Any CPU.ActiveCfg = Release|Any CPU
		{63C1EFBE-CEF3-65BA-1F46-8EF45DCB0371}.Release|Any CPU.Build.0 = Release|Any CPU
	EndGlobalSection
	GlobalSection(SolutionProperties) = preSolution
		HideSolutionNode = FALSE
	EndGlobalSection
EndGlobal
